{
  "name": "text-to-speech",
  "version": "1.0.0",
  "lockfileVersion": 3,
  "requires": true,
  "packages": {
    "": {
      "name": "text-to-speech",
      "version": "1.0.0",
      "license": "ISC",
      "dependencies": {
        "@huggingface/inference": "^2.7.0",
        "dotenv": "^16.4.5"
      }
    },
    "node_modules/@huggingface/inference": {
      "version": "2.7.0",
      "resolved": "https://registry.npmjs.org/@huggingface/inference/-/inference-2.7.0.tgz",
      "integrity": "sha512-u7Fn637Q3f7nUB1tajM4CgzhvoFQkOQr5W5Fm+2wT9ETgGoLBh25BLlYPTJRjAd2WY01s71v0lqAwNvHHCc3mg==",
      "license": "MIT",
      "dependencies": {
        "@huggingface/tasks": "^0.10.0"
      },
      "engines": {
        "node": ">=18"
      }
    },
    "node_modules/@huggingface/tasks": {
      "version": "0.10.14",
      "resolved": "https://registry.npmjs.org/@huggingface/tasks/-/tasks-0.10.14.tgz",
      "integrity": "sha512-8Q3aqTO+ldTTqtK4OfMz/h5DiiMBzUnZKdV0Dq2+JX+UXvqnTDVOk+bJd0QVytJYyNeZgKsj7XQHvEQGyo9cFg==",
      "license": "MIT"
    },
    "node_modules/dotenv": {
      "version": "16.4.5",
      "resolved": "https://registry.npmjs.org/dotenv/-/dotenv-16.4.5.tgz",
      "integrity": "sha512-ZmdL2rui+eB2YwhsWzjInR8LldtZHGDoQ1ugH85ppHKwpUHL7j7rN0Ti9NCnGiQbhaZ11FpR+7ao1dNsmduNUg==",
      "license": "BSD-2-Clause",
      "engines": {
        "node": ">=12"
      },
      "funding": {
        "url": "https://dotenvx.com"
      }
    },
    "node_modules/fetch-blob": {
      "version": "4.0.0",
      "resolved": "https://registry.npmjs.org/fetch-blob/-/fetch-blob-4.0.0.tgz",
      "integrity": "sha512-nPmnhRmpNMjYWnp9EBMGs6z5lq9RXed5W1vuZcECrsDVQInM8AMQSooVb3X183Aole60adzjWbH9qlRFWzDDTA==",
      "funding": [
        {
          "type": "github",
          "url": "https://github.com/sponsors/jimmywarting"
        },
        {
          "type": "paypal",
          "url": "https://paypal.me/jimmywarting"
        }
      ],
      "license": "MIT",
      "dependencies": {
        "node-domexception": "^1.0.0"
      },
      "engines": {
        "node": ">=16.7"
      }
    },
    "node_modules/node-domexception": {
      "version": "1.0.0",
      "resolved": "https://registry.npmjs.org/node-domexception/-/node-domexception-1.0.0.tgz",
      "integrity": "sha512-/jKZoMpw0F8GRwl4/eLROPA3cfcXtLApP0QzLmUT/HuPCZWyB7IY9ZrMeKw2O/nFIqPQB3PVM9aYm0F312AXDQ==",
      "funding": [
        {
          "type": "github",
          "url": "https://github.com/sponsors/jimmywarting"
        },
        {
          "type": "github",
          "url": "https://paypal.me/jimmywarting"
        }
      ],
      "license": "MIT",
      "engines": {
        "node": ">=10.5.0"
      }
    }
  }
}
